
Microsoft Visual Studio Solution File, Format Version 12.00
# Visual Studio 15
VisualStudioVersion = 15.0.28010.2048
MinimumVisualStudioVersion = 10.0.40219.1
Project("{FAE04EC0-301F-11D3-BF4B-00C04F79EFBC}") = "SP Share", "SP Share\SP Share.csproj", "{073E0271-9AE1-4EB7-8BA6-5133B78BEE03}"
EndProject
Global
	GlobalSection(SolutionConfigurationPlatforms) = preSolution
		Debug|Any CPU = Debug|Any CPU
		Release|Any CPU = Release|Any CPU
	EndGlobalSection
	GlobalSection(ProjectConfigurationPlatforms) = postSolution
		{073E0271-9AE1-4EB7-8BA6-5133B78BEE03}.Debug|Any CPU.ActiveCfg = Debug|Any CPU
		{073E0271-9AE1-4EB7-8BA6-5133B78BEE03}.Debug|Any CPU.Build.0 = Debug|Any CPU
		{073E0271-9AE1-4EB7-8BA6-5133B78BEE03}.Release|Any CPU.ActiveCfg = Release|Any CPU
		{073E0271-9AE1-4EB7-8BA6-5133B78BEE03}.Release|Any CPU.Build.0 = Release|Any CPU
	EndGlobalSection
	GlobalSection(SolutionProperties) = preSolution
		HideSolutionNode = FALSE
	EndGlobalSection
	GlobalSection(ExtensibilityGlobals) = postSolution
		SolutionGuid = {20122147-CFC2-4E54-92D1-CCDC67D09D5A}
	EndGlobalSection
EndGlobal
